
Microsoft Visual Studio Solution File, Format Version 12.00
# Visual Studio Version 16
VisualStudioVersion = 16.0.32106.194
MinimumVisualStudioVersion = 10.0.40219.1
Project("{9A19103F-16F7-4668-BE54-9A1E7A4F7556}") = "MF.Console", "MF.Console\MF.Console.csproj", "{C8D359E7-6B60-458F-A5ED-A559A4CD4D76}"
EndProject
Project("{9A19103F-16F7-4668-BE54-9A1E7A4F7556}") = "MF.Domain", "MF.Domain\MF.Domain.csproj", "{2EEC274C-1D40-47DB-8E4F-D4B7421F5021}"
EndProject
Project("{FAE04EC0-301F-11D3-BF4B-00C04F79EFBC}") = "MF.Service", "MF.Service\MF.Service.csproj", "{91691685-710C-453F-ADE8-CEC723FC7B11}"
EndProject
Global
	GlobalSection(SolutionConfigurationPlatforms) = preSolution
		Debug|Any CPU = Debug|Any CPU
		Release|Any CPU = Release|Any CPU
	EndGlobalSection
	GlobalSection(ProjectConfigurationPlatforms) = postSolution
		{C8D359E7-6B60-458F-A5ED-A559A4CD4D76}.Debug|Any CPU.ActiveCfg = Debug|Any CPU
		{C8D359E7-6B60-458F-A5ED-A559A4CD4D76}.Debug|Any CPU.Build.0 = Debug|Any CPU
		{C8D359E7-6B60-458F-A5ED-A559A4CD4D76}.Release|Any CPU.ActiveCfg = Release|Any CPU
		{C8D359E7-6B60-458F-A5ED-A559A4CD4D76}.Release|Any CPU.Build.0 = Release|Any CPU
		{2EEC274C-1D40-47DB-8E4F-D4B7421F5021}.Debug|Any CPU.ActiveCfg = Debug|Any CPU
		{2EEC274C-1D40-47DB-8E4F-D4B7421F5021}.Debug|Any CPU.Build.0 = Debug|Any CPU
		{2EEC274C-1D40-47DB-8E4F-D4B7421F5021}.Release|Any CPU.ActiveCfg = Release|Any CPU
		{2EEC274C-1D40-47DB-8E4F-D4B7421F5021}.Release|Any CPU.Build.0 = Release|Any CPU
		{91691685-710C-453F-ADE8-CEC723FC7B11}.Debug|Any CPU.ActiveCfg = Debug|Any CPU
		{91691685-710C-453F-ADE8-CEC723FC7B11}.Debug|Any CPU.Build.0 = Debug|Any CPU
		{91691685-710C-453F-ADE8-CEC723FC7B11}.Release|Any CPU.ActiveCfg = Release|Any CPU
		{91691685-710C-453F-ADE8-CEC723FC7B11}.Release|Any CPU.Build.0 = Release|Any CPU
	EndGlobalSection
	GlobalSection(SolutionProperties) = preSolution
		HideSolutionNode = FALSE
	EndGlobalSection
	GlobalSection(ExtensibilityGlobals) = postSolution
		SolutionGuid = {2EC24CDC-1B81-426E-99DE-57A42A02E517}
	EndGlobalSection
EndGlobal
